Microsoft Visual Studio Solution File, Format Version 12.00
# Visual Studio 15
VisualStudioVersion = 15.0.28307.106
MinimumVisualStudioVersion = 10.0.40219.1
Project("{9A19103F-16F7-4668-BE54-9A1E7A4F7556}") = "_6300_Portable_SPC_12_General", "_6300_Portable_SPC_12_General.csproj", "{A34AA107-AFA9-8CE7-F95A-E00C07357F41}"
EndProject
Global
    GlobalSection(SolutionConfigurationPlatforms) = preSolution
        Debug|Any CPU = Debug|Any CPU
        Release|Any CPU = Release|Any CPU
    EndGlobalSection
    GlobalSection(ProjectConfigurationPlatforms) = postSolution
        {A34AA107-AFA9-8CE7-F95A-E00C07357F41}.Debug|Any CPU.ActiveCfg = Debug|Any CPU
        {A34AA107-AFA9-8CE7-F95A-E00C07357F41}.Debug|Any CPU.Build.0 = Debug|Any CPU
        {A34AA107-AFA9-8CE7-F95A-E00C07357F41}.Release|Any CPU.ActiveCfg = Release|Any CPU
        {A34AA107-AFA9-8CE7-F95A-E00C07357F41}.Release|Any CPU.Build.0 = Release|Any CPU
    EndGlobalSection
    GlobalSection(SolutionProperties) = preSolution
        HideSolutionNode = FALSE
    EndGlobalSection
EndGlobal
